
Microsoft Visual Studio Solution File, Format Version 12.00
# Visual Studio 15
VisualStudioVersion = 15.0.28307.271
MinimumVisualStudioVersion = 10.0.40219.1
Project("{FAE04EC0-301F-11D3-BF4B-00C04F79EFBC}") = "AureliaNodeTemplatingEngine.NET", "AureliaNodeTemplatingEngine.NET.csproj", "{6EDE9008-F8EB-47A5-9F4B-B98A607B8393}"
EndProject
Global
	GlobalSection(SolutionConfigurationPlatforms) = preSolution
		Debug|Any CPU = Debug|Any CPU
		Release|Any CPU = Release|Any CPU
	EndGlobalSection
	GlobalSection(ProjectConfigurationPlatforms) = postSolution
		{6EDE9008-F8EB-47A5-9F4B-B98A607B8393}.Debug|Any CPU.ActiveCfg = Debug|Any CPU
		{6EDE9008-F8EB-47A5-9F4B-B98A607B8393}.Debug|Any CPU.Build.0 = Debug|Any CPU
		{6EDE9008-F8EB-47A5-9F4B-B98A607B8393}.Release|Any CPU.ActiveCfg = Release|Any CPU
		{6EDE9008-F8EB-47A5-9F4B-B98A607B8393}.Release|Any CPU.Build.0 = Release|Any CPU
	EndGlobalSection
	GlobalSection(SolutionProperties) = preSolution
		HideSolutionNode = FALSE
	EndGlobalSection
	GlobalSection(ExtensibilityGlobals) = postSolution
		SolutionGuid = {EB2C093D-310B-4EEE-AFF1-F315947B1B10}
	EndGlobalSection
EndGlobal
